
Microsoft Visual Studio Solution File, Format Version 12.00
# Visual Studio Version 16
VisualStudioVersion = 16.0.31025.194
MinimumVisualStudioVersion = 10.0.40219.1
Project("{FAE04EC0-301F-11D3-BF4B-00C04F79EFBC}") = "1_TypyGeneryczne", "1_TypyGeneryczne\1_TypyGeneryczne.csproj", "{78DFB097-2861-41CE-B054-6230803B6373}"
EndProject
Project("{FAE04EC0-301F-11D3-BF4B-00C04F79EFBC}") = "2_KolekcjeGeneryczne", "2_KolekcjeGeneryczne\2_KolekcjeGeneryczne.csproj", "{C60FFD72-0699-41C7-8F30-E6F3A07AE778}"
EndProject
Global
	GlobalSection(SolutionConfigurationPlatforms) = preSolution
		Debug|Any CPU = Debug|Any CPU
		Release|Any CPU = Release|Any CPU
	EndGlobalSection
	GlobalSection(ProjectConfigurationPlatforms) = postSolution
		{78DFB097-2861-41CE-B054-6230803B6373}.Debug|Any CPU.ActiveCfg = Debug|Any CPU
		{78DFB097-2861-41CE-B054-6230803B6373}.Debug|Any CPU.Build.0 = Debug|Any CPU
		{78DFB097-2861-41CE-B054-6230803B6373}.Release|Any CPU.ActiveCfg = Release|Any CPU
		{78DFB097-2861-41CE-B054-6230803B6373}.Release|Any CPU.Build.0 = Release|Any CPU
		{C60FFD72-0699-41C7-8F30-E6F3A07AE778}.Debug|Any CPU.ActiveCfg = Debug|Any CPU
		{C60FFD72-0699-41C7-8F30-E6F3A07AE778}.Debug|Any CPU.Build.0 = Debug|Any CPU
		{C60FFD72-0699-41C7-8F30-E6F3A07AE778}.Release|Any CPU.ActiveCfg = Release|Any CPU
		{C60FFD72-0699-41C7-8F30-E6F3A07AE778}.Release|Any CPU.Build.0 = Release|Any CPU
	EndGlobalSection
	GlobalSection(SolutionProperties) = preSolution
		HideSolutionNode = FALSE
	EndGlobalSection
	GlobalSection(ExtensibilityGlobals) = postSolution
		SolutionGuid = {5F24EA97-FDDD-4798-B63D-7126AAD9EF3E}
	EndGlobalSection
EndGlobal
